
Microsoft Visual Studio Solution File, Format Version 12.00
# Visual Studio Version 17
VisualStudioVersion = 17.11.35303.130
MinimumVisualStudioVersion = 10.0.40219.1
Project("{FAE04EC0-301F-11D3-BF4B-00C04F79EFBC}") = "ATTT_project", "ATTT_project\ATTT_project.csproj", "{F47BCC12-EEFA-4C2A-98E0-77FAD7FCC9C9}"
EndProject
Global
	GlobalSection(SolutionConfigurationPlatforms) = preSolution
		Debug|Any CPU = Debug|Any CPU
		Release|Any CPU = Release|Any CPU
	EndGlobalSection
	GlobalSection(ProjectConfigurationPlatforms) = postSolution
		{F47BCC12-EEFA-4C2A-98E0-77FAD7FCC9C9}.Debug|Any CPU.ActiveCfg = Debug|Any CPU
		{F47BCC12-EEFA-4C2A-98E0-77FAD7FCC9C9}.Debug|Any CPU.Build.0 = Debug|Any CPU
		{F47BCC12-EEFA-4C2A-98E0-77FAD7FCC9C9}.Release|Any CPU.ActiveCfg = Release|Any CPU
		{F47BCC12-EEFA-4C2A-98E0-77FAD7FCC9C9}.Release|Any CPU.Build.0 = Release|Any CPU
	EndGlobalSection
	GlobalSection(SolutionProperties) = preSolution
		HideSolutionNode = FALSE
	EndGlobalSection
	GlobalSection(ExtensibilityGlobals) = postSolution
		SolutionGuid = {F8E0D744-56C1-4D01-BC7B-04CCE4EB5A1F}
	EndGlobalSection
EndGlobal
